// !$*UTF8*$!
{
	archiveVersion = 1;
	classes = {
	};
	objectVersion = 50;
	objects = {

/* Begin PBXBuildFile section */
		A1F5DB52210979A800FE1AD0 /* Vehicle.swift in Sources */ = {isa = PBXBuildFile; fileRef = A1F5DB51210979A800FE1AD0 /* Vehicle.swift */; };
		A1F5DB54210979B700FE1AD0 /* Car.swift in Sources */ = {isa = PBXBuildFile; fileRef = A1F5DB53210979B700FE1AD0 /* Car.swift */; };
		A1F5DB56210979CC00FE1AD0 /* Motorcycle.swift in Sources */ = {isa = PBXBuildFile; fileRef = A1F5DB55210979CC00FE1AD0 /* Motorcycle.swift */; };
		A1F5DB59210979F900FE1AD0 /* Intern.swift in Sources */ = {isa = PBXBuildFile; fileRef = A1F5DB58210979F900FE1AD0 /* Intern.swift */; };
		A1F5DB5B21097A0300FE1AD0 /* FullTime.swift in Sources */ = {isa = PBXBuildFile; fileRef = A1F5DB5A21097A0300FE1AD0 /* FullTime.swift */; };
		A1F5DB5D21097A0D00FE1AD0 /* PartTime.swift in Sources */ = {isa = PBXBuildFile; fileRef = A1F5DB5C21097A0D00FE1AD0 /* PartTime.swift */; };
		A1F5DB6021097A3900FE1AD0 /* CommissionBased.swift in Sources */ = {isa = PBXBuildFile; fileRef = A1F5DB5F21097A3900FE1AD0 /* CommissionBased.swift */; };
		A1F5DB6221097A5500FE1AD0 /* FixedBased.swift in Sources */ = {isa = PBXBuildFile; fileRef = A1F5DB6121097A5500FE1AD0 /* FixedBased.swift */; };
		CE9A3D7C210952E000B0AC67 /* main.swift in Sources */ = {isa = PBXBuildFile; fileRef = CE9A3D7B210952E000B0AC67 /* main.swift */; };
		CE9A3D83210957BF00B0AC67 /* Employee.swift in Sources */ = {isa = PBXBuildFile; fileRef = CE9A3D82210957BF00B0AC67 /* Employee.swift */; };
/* End PBXBuildFile section */

/* Begin PBXCopyFilesBuildPhase section */
		CE9A3D76210952E000B0AC67 /* CopyFiles */ = {
			isa = PBXCopyFilesBuildPhase;
			buildActionMask = 2147483647;
			dstPath = /usr/share/man/man1/;
			dstSubfolderSpec = 0;
			files = (
			);
			runOnlyForDeploymentPostprocessing = 1;
		};
/* End PBXCopyFilesBuildPhase section */

/* Begin PBXFileReference section */
		A1F5DB51210979A800FE1AD0 /* Vehicle.swift */ = {isa = PBXFileReference; lastKnownFileType = sourcecode.swift; path = Vehicle.swift; sourceTree = "<group>"; };
		A1F5DB53210979B700FE1AD0 /* Car.swift */ = {isa = PBXFileReference; lastKnownFileType = sourcecode.swift; path = Car.swift; sourceTree = "<group>"; };
		A1F5DB55210979CC00FE1AD0 /* Motorcycle.swift */ = {isa = PBXFileReference; lastKnownFileType = sourcecode.swift; path = Motorcycle.swift; sourceTree = "<group>"; };
		A1F5DB58210979F900FE1AD0 /* Intern.swift */ = {isa = PBXFileReference; lastKnownFileType = sourcecode.swift; path = Intern.swift; sourceTree = "<group>"; };
		A1F5DB5A21097A0300FE1AD0 /* FullTime.swift */ = {isa = PBXFileReference; lastKnownFileType = sourcecode.swift; path = FullTime.swift; sourceTree = "<group>"; };
		A1F5DB5C21097A0D00FE1AD0 /* PartTime.swift */ = {isa = PBXFileReference; lastKnownFileType = sourcecode.swift; path = PartTime.swift; sourceTree = "<group>"; };
		A1F5DB5F21097A3900FE1AD0 /* CommissionBased.swift */ = {isa = PBXFileReference; lastKnownFileType = sourcecode.swift; path = CommissionBased.swift; sourceTree = "<group>"; };
		A1F5DB6121097A5500FE1AD0 /* FixedBased.swift */ = {isa = PBXFileReference; lastKnownFileType = sourcecode.swift; path = FixedBased.swift; sourceTree = "<group>"; };
		CE9A3D78210952E000B0AC67 /* SwiftPayroll */ = {isa = PBXFileReference; explicitFileType = "compiled.mach-o.executable"; includeInIndex = 0; path = SwiftPayroll; sourceTree = BUILT_PRODUCTS_DIR; };
		CE9A3D7B210952E000B0AC67 /* main.swift */ = {isa = PBXFileReference; lastKnownFileType = sourcecode.swift; path = main.swift; sourceTree = "<group>"; };
		CE9A3D82210957BF00B0AC67 /* Employee.swift */ = {isa = PBXFileReference; lastKnownFileType = sourcecode.swift; path = Employee.swift; sourceTree = "<group>"; };
/* End PBXFileReference section */

/* Begin PBXFrameworksBuildPhase section */
		CE9A3D75210952E000B0AC67 /* Frameworks */ = {
			isa = PBXFrameworksBuildPhase;
			buildActionMask = 2147483647;
			files = (
			);
			runOnlyForDeploymentPostprocessing = 0;
		};
/* End PBXFrameworksBuildPhase section */

/* Begin PBXGroup section */
		A1F5DB502109798F00FE1AD0 /* Vehicle */ = {
			isa = PBXGroup;
			children = (
				A1F5DB51210979A800FE1AD0 /* Vehicle.swift */,
				A1F5DB53210979B700FE1AD0 /* Car.swift */,
				A1F5DB55210979CC00FE1AD0 /* Motorcycle.swift */,
			);
			path = Vehicle;
			sourceTree = "<group>";
		};
		A1F5DB57210979E300FE1AD0 /* Employee */ = {
			isa = PBXGroup;
			children = (
				A1F5DB5E21097A2400FE1AD0 /* PartTime */,
				A1F5DB58210979F900FE1AD0 /* Intern.swift */,
				A1F5DB5A21097A0300FE1AD0 /* FullTime.swift */,
				A1F5DB5C21097A0D00FE1AD0 /* PartTime.swift */,
			);
			path = Employee;
			sourceTree = "<group>";
		};
		A1F5DB5E21097A2400FE1AD0 /* PartTime */ = {
			isa = PBXGroup;
			children = (
				A1F5DB5F21097A3900FE1AD0 /* CommissionBased.swift */,
				A1F5DB6121097A5500FE1AD0 /* FixedBased.swift */,
			);
			path = PartTime;
			sourceTree = "<group>";
		};
		CE9A3D6F210952DF00B0AC67 = {
			isa = PBXGroup;
			children = (
				CE9A3D7A210952E000B0AC67 /* SwiftPayroll */,
				CE9A3D79210952E000B0AC67 /* Products */,
			);
			sourceTree = "<group>";
		};
		CE9A3D79210952E000B0AC67 /* Products */ = {
			isa = PBXGroup;
			children = (
				CE9A3D78210952E000B0AC67 /* SwiftPayroll */,
			);
			name = Products;
			sourceTree = "<group>";
		};
		CE9A3D7A210952E000B0AC67 /* SwiftPayroll */ = {
			isa = PBXGroup;
			children = (
				A1F5DB57210979E300FE1AD0 /* Employee */,
				A1F5DB502109798F00FE1AD0 /* Vehicle */,
				CE9A3D7B210952E000B0AC67 /* main.swift */,
				CE9A3D82210957BF00B0AC67 /* Employee.swift */,
			);
			path = SwiftPayroll;
			sourceTree = "<group>";
		};
/* End PBXGroup section */

/* Begin PBXNativeTarget section */
		CE9A3D77210952E000B0AC67 /* SwiftPayroll */ = {
			isa = PBXNativeTarget;
			buildConfigurationList = CE9A3D7F210952E000B0AC67 /* Build configuration list for PBXNativeTarget "SwiftPayroll" */;
			buildPhases = (
				CE9A3D74210952E000B0AC67 /* Sources */,
				CE9A3D75210952E000B0AC67 /* Frameworks */,
				CE9A3D76210952E000B0AC67 /* CopyFiles */,
			);
			buildRules = (
			);
			dependencies = (
			);
			name = SwiftPayroll;
			productName = SwiftPayroll;
			productReference = CE9A3D78210952E000B0AC67 /* SwiftPayroll */;
			productType = "com.apple.product-type.tool";
		};
/* End PBXNativeTarget section */

/* Begin PBXProject section */
		CE9A3D70210952DF00B0AC67 /* Project object */ = {
			isa = PBXProject;
			attributes = {
				LastSwiftUpdateCheck = 0940;
				LastUpgradeCheck = 0940;
				ORGANIZATIONNAME = RavSingh;
				TargetAttributes = {
					CE9A3D77210952E000B0AC67 = {
						CreatedOnToolsVersion = 9.4.1;
					};
				};
			};
			buildConfigurationList = CE9A3D73210952DF00B0AC67 /* Build configuration list for PBXProject "SwiftPayroll" */;
			compatibilityVersion = "Xcode 9.3";
			developmentRegion = en;
			hasScannedForEncodings = 0;
			knownRegions = (
				en,
			);
			mainGroup = CE9A3D6F210952DF00B0AC67;
			productRefGroup = CE9A3D79210952E000B0AC67 /* Products */;
			projectDirPath = "";
			projectRoot = "";
			targets = (
				CE9A3D77210952E000B0AC67 /* SwiftPayroll */,
			);
		};
/* End PBXProject section */

/* Begin PBXSourcesBuildPhase section */
		CE9A3D74210952E000B0AC67 /* Sources */ = {
			isa = PBXSourcesBuildPhase;
			buildActionMask = 2147483647;
			files = (
				A1F5DB52210979A800FE1AD0 /* Vehicle.swift in Sources */,
				A1F5DB59210979F900FE1AD0 /* Intern.swift in Sources */,
				A1F5DB56210979CC00FE1AD0 /* Motorcycle.swift in Sources */,
				A1F5DB6021097A3900FE1AD0 /* CommissionBased.swift in Sources */,
				CE9A3D7C210952E000B0AC67 /* main.swift in Sources */,
				A1F5DB54210979B700FE1AD0 /* Car.swift in Sources */,
				A1F5DB6221097A5500FE1AD0 /* FixedBased.swift in Sources */,
				CE9A3D83210957BF00B0AC67 /* Employee.swift in Sources */,
				A1F5DB5B21097A0300FE1AD0 /* FullTime.swift in Sources */,
				A1F5DB5D21097A0D00FE1AD0 /* PartTime.swift in Sources */,
			);
			runOnlyForDeploymentPostprocessing = 0;
		};
/* End PBXSourcesBuildPhase section */

/* Begin XCBuildConfiguration section */
		CE9A3D7D210952E000B0AC67 /* Debug */ = {
			isa = XCBuildConfiguration;
			buildSettings = {
				ALWAYS_SEARCH_USER_PATHS = NO;
				CLANG_ANALYZER_NONNULL = YES;
				CLANG_ANALYZER_NUMBER_OBJECT_CONVERSION = YES_AGGRESSIVE;
				CLANG_CXX_LANGUAGE_STANDARD = "gnu++14";
				CLANG_CXX_LIBRARY = "libc++";
				CLANG_ENABLE_MODULES = YES;
				CLANG_ENABLE_OBJC_ARC = YES;
				CLANG_ENABLE_OBJC_WEAK = YES;
				CLANG_WARN_BLOCK_CAPTURE_AUTORELEASING = YES;
				CLANG_WARN_BOOL_CONVERSION = YES;
				CLANG_WARN_COMMA = YES;
				CLANG_WARN_CONSTANT_CONVERSION = YES;
				CLANG_WARN_DEPRECATED_OBJC_IMPLEMENTATIONS = YES;
				CLANG_WARN_DIRECT_OBJC_ISA_USAGE = YES_ERROR;
				CLANG_WARN_DOCUMENTATION_COMMENTS = YES;
				CLANG_WARN_EMPTY_BODY = YES;
				CLANG_WARN_ENUM_CONVERSION = YES;
				CLANG_WARN_INFINITE_RECURSION = YES;
				CLANG_WARN_INT_CONVERSION = YES;
				CLANG_WARN_NON_LITERAL_NULL_CONVERSION = YES;
				CLANG_WARN_OBJC_IMPLICIT_RETAIN_SELF = YES;
				CLANG_WARN_OBJC_LITERAL_CONVERSION = YES;
				CLANG_WARN_OBJC_ROOT_CLASS = YES_ERROR;
				CLANG_WARN_RANGE_LOOP_ANALYSIS = YES;
				CLANG_WARN_STRICT_PROTOTYPES = YES;
				CLANG_WARN_SUSPICIOUS_MOVE = YES;
				CLANG_WARN_UNGUARDED_AVAILABILITY = YES_AGGRESSIVE;
				CLANG_WARN_UNREACHABLE_CODE = YES;
				CLANG_WARN__DUPLICATE_METHOD_MATCH = YES;
				CODE_SIGN_IDENTITY = "-";
				COPY_PHASE_STRIP = NO;
				DEBUG_INFORMATION_FORMAT = dwarf;
				ENABLE_STRICT_OBJC_MSGSEND = YES;
				ENABLE_TESTABILITY = YES;
				GCC_C_LANGUAGE_STANDARD = gnu11;
				GCC_DYNAMIC_NO_PIC = NO;
				GCC_NO_COMMON_BLOCKS = YES;
				GCC_OPTIMIZATION_LEVEL = 0;
				GCC_PREPROCESSOR_DEFINITIONS = (
					"DEBUG=1",
					"$(inherited)",
				);
				GCC_WARN_64_TO_32_BIT_CONVERSION = YES;
				GCC_WARN_ABOUT_RETURN_TYPE = YES_ERROR;
				GCC_WARN_UNDECLARED_SELECTOR = YES;
				GCC_WARN_UNINITIALIZED_AUTOS = YES_AGGRESSIVE;
				GCC_WARN_UNUSED_FUNCTION = YES;
				GCC_WARN_UNUSED_VARIABLE = YES;
				MACOSX_DEPLOYMENT_TARGET = 10.13;
				MTL_ENABLE_DEBUG_INFO = YES;
				ONLY_ACTIVE_ARCH = YES;
				SDKROOT = macosx;
				SWIFT_ACTIVE_COMPILATION_CONDITIONS = DEBUG;
				SWIFT_OPTIMIZATION_LEVEL = "-Onone";
			};
			name = Debug;
		};
		CE9A3D7E210952E000B0AC67 /* Release */ = {
			isa = XCBuildConfiguration;
			buildSettings = {
				ALWAYS_SEARCH_USER_PATHS = NO;
				CLANG_ANALYZER_NONNULL = YES;
				CLANG_ANALYZER_NUMBER_OBJECT_CONVERSION = YES_AGGRESSIVE;
				CLANG_CXX_LANGUAGE_STANDARD = "gnu++14";
				CLANG_CXX_LIBRARY = "libc++";
				CLANG_ENABLE_MODULES = YES;
				CLANG_ENABLE_OBJC_ARC = YES;
				CLANG_ENABLE_OBJC_WEAK = YES;
				CLANG_WARN_BLOCK_CAPTURE_AUTORELEASING = YES;
				CLANG_WARN_BOOL_CONVERSION = YES;
				CLANG_WARN_COMMA = YES;
				CLANG_WARN_CONSTANT_CONVERSION = YES;
				CLANG_WARN_DEPRECATED_OBJC_IMPLEMENTATIONS = YES;
				CLANG_WARN_DIRECT_OBJC_ISA_USAGE = YES_ERROR;
				CLANG_WARN_DOCUMENTATION_COMMENTS = YES;
				CLANG_WARN_EMPTY_BODY = YES;
				CLANG_WARN_ENUM_CONVERSION = YES;
				CLANG_WARN_INFINITE_RECURSION = YES;
				CLANG_WARN_INT_CONVERSION = YES;
				CLANG_WARN_NON_LITERAL_NULL_CONVERSION = YES;
				CLANG_WARN_OBJC_IMPLICIT_RETAIN_SELF = YES;
				CLANG_WARN_OBJC_LITERAL_CONVERSION = YES;
				CLANG_WARN_OBJC_ROOT_CLASS = YES_ERROR;
				CLANG_WARN_RANGE_LOOP_ANALYSIS = YES;
				CLANG_WARN_STRICT_PROTOTYPES = YES;
				CLANG_WARN_SUSPICIOUS_MOVE = YES;
				CLANG_WARN_UNGUARDED_AVAILABILITY = YES_AGGRESSIVE;
				CLANG_WARN_UNREACHABLE_CODE = YES;
				CLANG_WARN__DUPLICATE_METHOD_MATCH = YES;
				CODE_SIGN_IDENTITY = "-";
				COPY_PHASE_STRIP = NO;
				DEBUG_INFORMATION_FORMAT = "dwarf-with-dsym";
				ENABLE_NS_ASSERTIONS = NO;
				ENABLE_STRICT_OBJC_MSGSEND = YES;
				GCC_C_LANGUAGE_STANDARD = gnu11;
				GCC_NO_COMMON_BLOCKS = YES;
				GCC_WARN_64_TO_32_BIT_CONVERSION = YES;
				GCC_WARN_ABOUT_RETURN_TYPE = YES_ERROR;
				GCC_WARN_UNDECLARED_SELECTOR = YES;
				GCC_WARN_UNINITIALIZED_AUTOS = YES_AGGRESSIVE;
				GCC_WARN_UNUSED_FUNCTION = YES;
				GCC_WARN_UNUSED_VARIABLE = YES;
				MACOSX_DEPLOYMENT_TARGET = 10.13;
				MTL_ENABLE_DEBUG_INFO = NO;
				SDKROOT = macosx;
				SWIFT_COMPILATION_MODE = wholemodule;
				SWIFT_OPTIMIZATION_LEVEL = "-O";
			};
			name = Release;
		};
		CE9A3D80210952E000B0AC67 /* Debug */ = {
			isa = XCBuildConfiguration;
			buildSettings = {
				CODE_SIGN_STYLE = Automatic;
				PRODUCT_NAME = "$(TARGET_NAME)";
				SWIFT_VERSION = 4.0;
			};
			name = Debug;
		};
		CE9A3D81210952E000B0AC67 /* Release */ = {
			isa = XCBuildConfiguration;
			buildSettings = {
				CODE_SIGN_STYLE = Automatic;
				PRODUCT_NAME = "$(TARGET_NAME)";
				SWIFT_VERSION = 4.0;
			};
			name = Release;
		};
/* End XCBuildConfiguration section */

/* Begin XCConfigurationList section */
		CE9A3D73210952DF00B0AC67 /* Build configuration list for PBXProject "SwiftPayroll" */ = {
			isa = XCConfigurationList;
			buildConfigurations = (
				CE9A3D7D210952E000B0AC67 /* Debug */,
				CE9A3D7E210952E000B0AC67 /* Release */,
			);
			defaultConfigurationIsVisible = 0;
			defaultConfigurationName = Release;
		};
		CE9A3D7F210952E000B0AC67 /* Build configuration list for PBXNativeTarget "SwiftPayroll" */ = {
			isa = XCConfigurationList;
			buildConfigurations = (
				CE9A3D80210952E000B0AC67 /* Debug */,
				CE9A3D81210952E000B0AC67 /* Release */,
			);
			defaultConfigurationIsVisible = 0;
			defaultConfigurationName = Release;
		};
/* End XCConfigurationList section */
	};
	rootObject = CE9A3D70210952DF00B0AC67 /* Project object */;
}
